
Microsoft Visual Studio Solution File, Format Version 12.00
# Visual Studio Version 16
VisualStudioVersion = 16.0.30517.126
MinimumVisualStudioVersion = 10.0.40219.1
Project("{FAE04EC0-301F-11D3-BF4B-00C04F79EFBC}") = "7.2", "7.2\7.2.csproj", "{518F4C9C-1787-4D48-A73F-3F1677570D2B}"
EndProject
Global
	GlobalSection(SolutionConfigurationPlatforms) = preSolution
		Debug|Any CPU = Debug|Any CPU
		Release|Any CPU = Release|Any CPU
	EndGlobalSection
	GlobalSection(ProjectConfigurationPlatforms) = postSolution
		{518F4C9C-1787-4D48-A73F-3F1677570D2B}.Debug|Any CPU.ActiveCfg = Debug|Any CPU
		{518F4C9C-1787-4D48-A73F-3F1677570D2B}.Debug|Any CPU.Build.0 = Debug|Any CPU
		{518F4C9C-1787-4D48-A73F-3F1677570D2B}.Release|Any CPU.ActiveCfg = Release|Any CPU
		{518F4C9C-1787-4D48-A73F-3F1677570D2B}.Release|Any CPU.Build.0 = Release|Any CPU
	EndGlobalSection
	GlobalSection(SolutionProperties) = preSolution
		HideSolutionNode = FALSE
	EndGlobalSection
	GlobalSection(ExtensibilityGlobals) = postSolution
		SolutionGuid = {F1D2042A-A4FC-42D9-8928-D83BF8512137}
	EndGlobalSection
EndGlobal
